
Microsoft Visual Studio Solution File, Format Version 12.00
# Visual Studio Version 16
VisualStudioVersion = 16.0.30503.244
MinimumVisualStudioVersion = 10.0.40219.1
Project("{9A19103F-16F7-4668-BE54-9A1E7A4F7556}") = "chat", "chat\chat.csproj", "{9CDB022F-5BA7-495A-A189-5AF50617E630}"
EndProject
Global
	GlobalSection(SolutionConfigurationPlatforms) = preSolution
		Debug|Any CPU = Debug|Any CPU
		Release|Any CPU = Release|Any CPU
	EndGlobalSection
	GlobalSection(ProjectConfigurationPlatforms) = postSolution
		{9CDB022F-5BA7-495A-A189-5AF50617E630}.Debug|Any CPU.ActiveCfg = Debug|Any CPU
		{9CDB022F-5BA7-495A-A189-5AF50617E630}.Debug|Any CPU.Build.0 = Debug|Any CPU
		{9CDB022F-5BA7-495A-A189-5AF50617E630}.Release|Any CPU.ActiveCfg = Release|Any CPU
		{9CDB022F-5BA7-495A-A189-5AF50617E630}.Release|Any CPU.Build.0 = Release|Any CPU
	EndGlobalSection
	GlobalSection(SolutionProperties) = preSolution
		HideSolutionNode = FALSE
	EndGlobalSection
	GlobalSection(ExtensibilityGlobals) = postSolution
		SolutionGuid = {A990FFC0-1F9B-4C76-B187-09099BB14484}
	EndGlobalSection
EndGlobal
